// !$*UTF8*$!
{
	archiveVersion = 1;
	classes = {
	};
	objectVersion = 56;
	objects = {

/* Begin PBXBuildFile section */
		1041CA6E28F5D07D00D24760 /* .swiftlint.yml in Resources */ = {isa = PBXBuildFile; fileRef = 1041CA6D28F5D07D00D24760 /* .swiftlint.yml */; };
		1041CA7228F5D0F800D24760 /* .swiftlint.yml in Resources */ = {isa = PBXBuildFile; fileRef = 1041CA7128F5D0F700D24760 /* .swiftlint.yml */; };
		D67DDA3328EE161A0093B3A0 /* AppDelegate.swift in Sources */ = {isa = PBXBuildFile; fileRef = D67DDA3228EE161A0093B3A0 /* AppDelegate.swift */; };
		D67DDA3528EE161A0093B3A0 /* SceneDelegate.swift in Sources */ = {isa = PBXBuildFile; fileRef = D67DDA3428EE161A0093B3A0 /* SceneDelegate.swift */; };
		D67DDA3728EE161A0093B3A0 /* ViewController.swift in Sources */ = {isa = PBXBuildFile; fileRef = D67DDA3628EE161A0093B3A0 /* ViewController.swift */; };
		D67DDA3A28EE161A0093B3A0 /* Main.storyboard in Resources */ = {isa = PBXBuildFile; fileRef = D67DDA3828EE161A0093B3A0 /* Main.storyboard */; };
		D67DDA3C28EE161D0093B3A0 /* Assets.xcassets in Resources */ = {isa = PBXBuildFile; fileRef = D67DDA3B28EE161D0093B3A0 /* Assets.xcassets */; };
		D67DDA3F28EE161D0093B3A0 /* LaunchScreen.storyboard in Resources */ = {isa = PBXBuildFile; fileRef = D67DDA3D28EE161D0093B3A0 /* LaunchScreen.storyboard */; };
		D67DDA4A28EE161D0093B3A0 /* TheMovieDBTests.swift in Sources */ = {isa = PBXBuildFile; fileRef = D67DDA4928EE161D0093B3A0 /* TheMovieDBTests.swift */; };
		D67DDA5428EE161D0093B3A0 /* TheMovieDBUITests.swift in Sources */ = {isa = PBXBuildFile; fileRef = D67DDA5328EE161D0093B3A0 /* TheMovieDBUITests.swift */; };
		D67DDA5628EE161D0093B3A0 /* TheMovieDBUITestsLaunchTests.swift in Sources */ = {isa = PBXBuildFile; fileRef = D67DDA5528EE161D0093B3A0 /* TheMovieDBUITestsLaunchTests.swift */; };
		D6C433A128F750CA00B61185 /* SplashScreen.storyboard in Resources */ = {isa = PBXBuildFile; fileRef = D6C433A028F750CA00B61185 /* SplashScreen.storyboard */; };
		D6C433A428F7510100B61185 /* Lottie in Frameworks */ = {isa = PBXBuildFile; productRef = D6C433A328F7510100B61185 /* Lottie */; };
		D6C433A928F755FE00B61185 /* SplashScreenViewController.swift in Sources */ = {isa = PBXBuildFile; fileRef = D6C433A828F755FE00B61185 /* SplashScreenViewController.swift */; };
		D6C433AB28F75DD700B61185 /* Coordinator.swift in Sources */ = {isa = PBXBuildFile; fileRef = D6C433AA28F75DD700B61185 /* Coordinator.swift */; };
		D6C433AD28F75F1D00B61185 /* Storyboeared.swift in Sources */ = {isa = PBXBuildFile; fileRef = D6C433AC28F75F1D00B61185 /* Storyboeared.swift */; };
		D6C433AF28F7603E00B61185 /* MainCoordinator.swift in Sources */ = {isa = PBXBuildFile; fileRef = D6C433AE28F7603E00B61185 /* MainCoordinator.swift */; };
		D6EA946D28F88D7E0029A723 /* loader.json in Resources */ = {isa = PBXBuildFile; fileRef = D6EA946C28F88D7E0029A723 /* loader.json */; };
		D6EA946F28F88E580029A723 /* movie_animation.json in Resources */ = {isa = PBXBuildFile; fileRef = D6EA946E28F88E580029A723 /* movie_animation.json */; };
		D6EA947128F88F020029A723 /* movie.json in Resources */ = {isa = PBXBuildFile; fileRef = D6EA947028F88F020029A723 /* movie.json */; };
		D6EA947328F88FC20029A723 /* movie2.json in Resources */ = {isa = PBXBuildFile; fileRef = D6EA947228F88FC20029A723 /* movie2.json */; };
/* End PBXBuildFile section */

/* Begin PBXContainerItemProxy section */
		D67DDA4628EE161D0093B3A0 /* PBXContainerItemProxy */ = {
			isa = PBXContainerItemProxy;
			containerPortal = D67DDA2728EE161A0093B3A0 /* Project object */;
			proxyType = 1;
			remoteGlobalIDString = D67DDA2E28EE161A0093B3A0;
			remoteInfo = TheMovieDB;
		};
		D67DDA5028EE161D0093B3A0 /* PBXContainerItemProxy */ = {
			isa = PBXContainerItemProxy;
			containerPortal = D67DDA2728EE161A0093B3A0 /* Project object */;
			proxyType = 1;
			remoteGlobalIDString = D67DDA2E28EE161A0093B3A0;
			remoteInfo = TheMovieDB;
		};
/* End PBXContainerItemProxy section */

/* Begin PBXFileReference section */
		1041CA6D28F5D07D00D24760 /* .swiftlint.yml */ = {isa = PBXFileReference; fileEncoding = 4; lastKnownFileType = text.yaml; path = .swiftlint.yml; sourceTree = "<group>"; };
		1041CA7128F5D0F700D24760 /* .swiftlint.yml */ = {isa = PBXFileReference; fileEncoding = 4; lastKnownFileType = text.yaml; path = .swiftlint.yml; sourceTree = "<group>"; };
		D67DDA2F28EE161A0093B3A0 /* TheMovieDB.app */ = {isa = PBXFileReference; explicitFileType = wrapper.application; includeInIndex = 0; path = TheMovieDB.app; sourceTree = BUILT_PRODUCTS_DIR; };
		D67DDA3228EE161A0093B3A0 /* AppDelegate.swift */ = {isa = PBXFileReference; lastKnownFileType = sourcecode.swift; path = AppDelegate.swift; sourceTree = "<group>"; };
		D67DDA3428EE161A0093B3A0 /* SceneDelegate.swift */ = {isa = PBXFileReference; lastKnownFileType = sourcecode.swift; path = SceneDelegate.swift; sourceTree = "<group>"; };
		D67DDA3628EE161A0093B3A0 /* ViewController.swift */ = {isa = PBXFileReference; lastKnownFileType = sourcecode.swift; path = ViewController.swift; sourceTree = "<group>"; };
		D67DDA3928EE161A0093B3A0 /* Base */ = {isa = PBXFileReference; lastKnownFileType = file.storyboard; name = Base; path = Base.lproj/Main.storyboard; sourceTree = "<group>"; };
		D67DDA3B28EE161D0093B3A0 /* Assets.xcassets */ = {isa = PBXFileReference; lastKnownFileType = folder.assetcatalog; path = Assets.xcassets; sourceTree = "<group>"; };
		D67DDA3E28EE161D0093B3A0 /* Base */ = {isa = PBXFileReference; lastKnownFileType = file.storyboard; name = Base; path = Base.lproj/LaunchScreen.storyboard; sourceTree = "<group>"; };
		D67DDA4028EE161D0093B3A0 /* Info.plist */ = {isa = PBXFileReference; lastKnownFileType = text.plist.xml; path = Info.plist; sourceTree = "<group>"; };
		D67DDA4528EE161D0093B3A0 /* TheMovieDBTests.xctest */ = {isa = PBXFileReference; explicitFileType = wrapper.cfbundle; includeInIndex = 0; path = TheMovieDBTests.xctest; sourceTree = BUILT_PRODUCTS_DIR; };
		D67DDA4928EE161D0093B3A0 /* TheMovieDBTests.swift */ = {isa = PBXFileReference; lastKnownFileType = sourcecode.swift; path = TheMovieDBTests.swift; sourceTree = "<group>"; };
		D67DDA4F28EE161D0093B3A0 /* TheMovieDBUITests.xctest */ = {isa = PBXFileReference; explicitFileType = wrapper.cfbundle; includeInIndex = 0; path = TheMovieDBUITests.xctest; sourceTree = BUILT_PRODUCTS_DIR; };
		D67DDA5328EE161D0093B3A0 /* TheMovieDBUITests.swift */ = {isa = PBXFileReference; lastKnownFileType = sourcecode.swift; path = TheMovieDBUITests.swift; sourceTree = "<group>"; };
		D67DDA5528EE161D0093B3A0 /* TheMovieDBUITestsLaunchTests.swift */ = {isa = PBXFileReference; lastKnownFileType = sourcecode.swift; path = TheMovieDBUITestsLaunchTests.swift; sourceTree = "<group>"; };
		D6C433A028F750CA00B61185 /* SplashScreen.storyboard */ = {isa = PBXFileReference; lastKnownFileType = file.storyboard; path = SplashScreen.storyboard; sourceTree = "<group>"; };
		D6C433A828F755FE00B61185 /* SplashScreenViewController.swift */ = {isa = PBXFileReference; lastKnownFileType = sourcecode.swift; path = SplashScreenViewController.swift; sourceTree = "<group>"; };
		D6C433AA28F75DD700B61185 /* Coordinator.swift */ = {isa = PBXFileReference; lastKnownFileType = sourcecode.swift; path = Coordinator.swift; sourceTree = "<group>"; };
		D6C433AC28F75F1D00B61185 /* Storyboeared.swift */ = {isa = PBXFileReference; lastKnownFileType = sourcecode.swift; path = Storyboeared.swift; sourceTree = "<group>"; };
		D6C433AE28F7603E00B61185 /* MainCoordinator.swift */ = {isa = PBXFileReference; lastKnownFileType = sourcecode.swift; path = MainCoordinator.swift; sourceTree = "<group>"; };
		D6EA946C28F88D7E0029A723 /* loader.json */ = {isa = PBXFileReference; fileEncoding = 4; lastKnownFileType = text.json; path = loader.json; sourceTree = "<group>"; };
		D6EA946E28F88E580029A723 /* movie_animation.json */ = {isa = PBXFileReference; fileEncoding = 4; lastKnownFileType = text.json; path = movie_animation.json; sourceTree = "<group>"; };
		D6EA947028F88F020029A723 /* movie.json */ = {isa = PBXFileReference; fileEncoding = 4; lastKnownFileType = text.json; path = movie.json; sourceTree = "<group>"; };
		D6EA947228F88FC20029A723 /* movie2.json */ = {isa = PBXFileReference; fileEncoding = 4; lastKnownFileType = text.json; path = movie2.json; sourceTree = "<group>"; };
/* End PBXFileReference section */

/* Begin PBXFrameworksBuildPhase section */
		D67DDA2C28EE161A0093B3A0 /* Frameworks */ = {
			isa = PBXFrameworksBuildPhase;
			buildActionMask = 2147483647;
			files = (
				D6C433A428F7510100B61185 /* Lottie in Frameworks */,
			);
			runOnlyForDeploymentPostprocessing = 0;
		};
		D67DDA4228EE161D0093B3A0 /* Frameworks */ = {
			isa = PBXFrameworksBuildPhase;
			buildActionMask = 2147483647;
			files = (
			);
			runOnlyForDeploymentPostprocessing = 0;
		};
		D67DDA4C28EE161D0093B3A0 /* Frameworks */ = {
			isa = PBXFrameworksBuildPhase;
			buildActionMask = 2147483647;
			files = (
			);
			runOnlyForDeploymentPostprocessing = 0;
		};
/* End PBXFrameworksBuildPhase section */

/* Begin PBXGroup section */
		D67DDA2628EE161A0093B3A0 = {
			isa = PBXGroup;
			children = (
				1041CA6D28F5D07D00D24760 /* .swiftlint.yml */,
				D67DDA3128EE161A0093B3A0 /* TheMovieDB */,
				D67DDA4828EE161D0093B3A0 /* TheMovieDBTests */,
				D67DDA5228EE161D0093B3A0 /* TheMovieDBUITests */,
				D67DDA3028EE161A0093B3A0 /* Products */,
			);
			sourceTree = "<group>";
		};
		D67DDA3028EE161A0093B3A0 /* Products */ = {
			isa = PBXGroup;
			children = (
				D67DDA2F28EE161A0093B3A0 /* TheMovieDB.app */,
				D67DDA4528EE161D0093B3A0 /* TheMovieDBTests.xctest */,
				D67DDA4F28EE161D0093B3A0 /* TheMovieDBUITests.xctest */,
			);
			name = Products;
			sourceTree = "<group>";
		};
		D67DDA3128EE161A0093B3A0 /* TheMovieDB */ = {
			isa = PBXGroup;
			children = (
				D67DDA6228EE163E0093B3A0 /* Presentation */,
				D67DDA6328EE165D0093B3A0 /* Domain */,
				D67DDA6428EE166A0093B3A0 /* Data */,
				D67DDA3228EE161A0093B3A0 /* AppDelegate.swift */,
				D67DDA3428EE161A0093B3A0 /* SceneDelegate.swift */,
				D67DDA3B28EE161D0093B3A0 /* Assets.xcassets */,
				D6C433A728F754F300B61185 /* Assets */,
				D67DDA4028EE161D0093B3A0 /* Info.plist */,
			);
			path = TheMovieDB;
			sourceTree = "<group>";
		};
		D67DDA4828EE161D0093B3A0 /* TheMovieDBTests */ = {
			isa = PBXGroup;
			children = (
				1041CA7128F5D0F700D24760 /* .swiftlint.yml */,
				D67DDA4928EE161D0093B3A0 /* TheMovieDBTests.swift */,
			);
			path = TheMovieDBTests;
			sourceTree = "<group>";
		};
		D67DDA5228EE161D0093B3A0 /* TheMovieDBUITests */ = {
			isa = PBXGroup;
			children = (
				D67DDA5328EE161D0093B3A0 /* TheMovieDBUITests.swift */,
				D67DDA5528EE161D0093B3A0 /* TheMovieDBUITestsLaunchTests.swift */,
			);
			path = TheMovieDBUITests;
			sourceTree = "<group>";
		};
		D67DDA6228EE163E0093B3A0 /* Presentation */ = {
			isa = PBXGroup;
			children = (
				D67DDA6528EE16830093B3A0 /* Coordinator */,
				D67DDA6628EE16910093B3A0 /* ViewModel */,
				D67DDA6728EE16A30093B3A0 /* View */,
			);
			path = Presentation;
			sourceTree = "<group>";
		};
		D67DDA6328EE165D0093B3A0 /* Domain */ = {
			isa = PBXGroup;
			children = (
				D67DDA6828EE16B30093B3A0 /* Entities */,
				D67DDA6928EE16C10093B3A0 /* UseCases */,
				D67DDA6A28EE16CD0093B3A0 /* Interfaces */,
			);
			path = Domain;
			sourceTree = "<group>";
		};
		D67DDA6428EE166A0093B3A0 /* Data */ = {
			isa = PBXGroup;
			children = (
				D67DDA6B28EE16D90093B3A0 /* Repository */,
				D67DDA6C28EE16EB0093B3A0 /* Network */,
				D67DDA6D28EE16F40093B3A0 /* Persistent */,
			);
			path = Data;
			sourceTree = "<group>";
		};
		D67DDA6528EE16830093B3A0 /* Coordinator */ = {
			isa = PBXGroup;
			children = (
				D6C433AA28F75DD700B61185 /* Coordinator.swift */,
				D6C433AC28F75F1D00B61185 /* Storyboeared.swift */,
				D6C433AE28F7603E00B61185 /* MainCoordinator.swift */,
			);
			path = Coordinator;
			sourceTree = "<group>";
		};
		D67DDA6628EE16910093B3A0 /* ViewModel */ = {
			isa = PBXGroup;
			children = (
			);
			path = ViewModel;
			sourceTree = "<group>";
		};
		D67DDA6728EE16A30093B3A0 /* View */ = {
			isa = PBXGroup;
			children = (
				D6C4339F28F7509B00B61185 /* SplashScreen */,
				D67DDA3628EE161A0093B3A0 /* ViewController.swift */,
				D67DDA3828EE161A0093B3A0 /* Main.storyboard */,
				D67DDA3D28EE161D0093B3A0 /* LaunchScreen.storyboard */,
			);
			path = View;
			sourceTree = "<group>";
		};
		D67DDA6828EE16B30093B3A0 /* Entities */ = {
			isa = PBXGroup;
			children = (
			);
			path = Entities;
			sourceTree = "<group>";
		};
		D67DDA6928EE16C10093B3A0 /* UseCases */ = {
			isa = PBXGroup;
			children = (
			);
			path = UseCases;
			sourceTree = "<group>";
		};
		D67DDA6A28EE16CD0093B3A0 /* Interfaces */ = {
			isa = PBXGroup;
			children = (
			);
			path = Interfaces;
			sourceTree = "<group>";
		};
		D67DDA6B28EE16D90093B3A0 /* Repository */ = {
			isa = PBXGroup;
			children = (
			);
			path = Repository;
			sourceTree = "<group>";
		};
		D67DDA6C28EE16EB0093B3A0 /* Network */ = {
			isa = PBXGroup;
			children = (
			);
			path = Network;
			sourceTree = "<group>";
		};
		D67DDA6D28EE16F40093B3A0 /* Persistent */ = {
			isa = PBXGroup;
			children = (
			);
			path = Persistent;
			sourceTree = "<group>";
		};
		D6C4339F28F7509B00B61185 /* SplashScreen */ = {
			isa = PBXGroup;
			children = (
				D6C433A028F750CA00B61185 /* SplashScreen.storyboard */,
				D6C433A828F755FE00B61185 /* SplashScreenViewController.swift */,
			);
			path = SplashScreen;
			sourceTree = "<group>";
		};
		D6C433A728F754F300B61185 /* Assets */ = {
			isa = PBXGroup;
			children = (
				D6EA947228F88FC20029A723 /* movie2.json */,
				D6EA947028F88F020029A723 /* movie.json */,
				D6EA946E28F88E580029A723 /* movie_animation.json */,
				D6EA946C28F88D7E0029A723 /* loader.json */,
			);
			path = Assets;
			sourceTree = "<group>";
		};
/* End PBXGroup section */

/* Begin PBXNativeTarget section */
		D67DDA2E28EE161A0093B3A0 /* TheMovieDB */ = {
			isa = PBXNativeTarget;
			buildConfigurationList = D67DDA5928EE161D0093B3A0 /* Build configuration list for PBXNativeTarget "TheMovieDB" */;
			buildPhases = (
				1041CA6628F5BB2000D24760 /* ShellScript */,
				D67DDA2B28EE161A0093B3A0 /* Sources */,
				D67DDA2C28EE161A0093B3A0 /* Frameworks */,
				D67DDA2D28EE161A0093B3A0 /* Resources */,
			);
			buildRules = (
			);
			dependencies = (
			);
			name = TheMovieDB;
			packageProductDependencies = (
				D6C433A328F7510100B61185 /* Lottie */,
			);
			productName = TheMovieDB;
			productReference = D67DDA2F28EE161A0093B3A0 /* TheMovieDB.app */;
			productType = "com.apple.product-type.application";
		};
		D67DDA4428EE161D0093B3A0 /* TheMovieDBTests */ = {
			isa = PBXNativeTarget;
			buildConfigurationList = D67DDA5C28EE161D0093B3A0 /* Build configuration list for PBXNativeTarget "TheMovieDBTests" */;
			buildPhases = (
				D67DDA4128EE161D0093B3A0 /* Sources */,
				D67DDA4228EE161D0093B3A0 /* Frameworks */,
				D67DDA4328EE161D0093B3A0 /* Resources */,
			);
			buildRules = (
			);
			dependencies = (
				D67DDA4728EE161D0093B3A0 /* PBXTargetDependency */,
			);
			name = TheMovieDBTests;
			productName = TheMovieDBTests;
			productReference = D67DDA4528EE161D0093B3A0 /* TheMovieDBTests.xctest */;
			productType = "com.apple.product-type.bundle.unit-test";
		};
		D67DDA4E28EE161D0093B3A0 /* TheMovieDBUITests */ = {
			isa = PBXNativeTarget;
			buildConfigurationList = D67DDA5F28EE161D0093B3A0 /* Build configuration list for PBXNativeTarget "TheMovieDBUITests" */;
			buildPhases = (
				D67DDA4B28EE161D0093B3A0 /* Sources */,
				D67DDA4C28EE161D0093B3A0 /* Frameworks */,
				D67DDA4D28EE161D0093B3A0 /* Resources */,
			);
			buildRules = (
			);
			dependencies = (
				D67DDA5128EE161D0093B3A0 /* PBXTargetDependency */,
			);
			name = TheMovieDBUITests;
			productName = TheMovieDBUITests;
			productReference = D67DDA4F28EE161D0093B3A0 /* TheMovieDBUITests.xctest */;
			productType = "com.apple.product-type.bundle.ui-testing";
		};
/* End PBXNativeTarget section */

/* Begin PBXProject section */
		D67DDA2728EE161A0093B3A0 /* Project object */ = {
			isa = PBXProject;
			attributes = {
				BuildIndependentTargetsInParallel = 1;
				LastSwiftUpdateCheck = 1400;
				LastUpgradeCheck = 1400;
				TargetAttributes = {
					D67DDA2E28EE161A0093B3A0 = {
						CreatedOnToolsVersion = 14.0.1;
					};
					D67DDA4428EE161D0093B3A0 = {
						CreatedOnToolsVersion = 14.0.1;
						TestTargetID = D67DDA2E28EE161A0093B3A0;
					};
					D67DDA4E28EE161D0093B3A0 = {
						CreatedOnToolsVersion = 14.0.1;
						TestTargetID = D67DDA2E28EE161A0093B3A0;
					};
				};
			};
			buildConfigurationList = D67DDA2A28EE161A0093B3A0 /* Build configuration list for PBXProject "TheMovieDB" */;
			compatibilityVersion = "Xcode 14.0";
			developmentRegion = en;
			hasScannedForEncodings = 0;
			knownRegions = (
				en,
				Base,
			);
			mainGroup = D67DDA2628EE161A0093B3A0;
			packageReferences = (
				D6C433A228F7510100B61185 /* XCRemoteSwiftPackageReference "lottie-ios" */,
			);
			productRefGroup = D67DDA3028EE161A0093B3A0 /* Products */;
			projectDirPath = "";
			projectRoot = "";
			targets = (
				D67DDA2E28EE161A0093B3A0 /* TheMovieDB */,
				D67DDA4428EE161D0093B3A0 /* TheMovieDBTests */,
				D67DDA4E28EE161D0093B3A0 /* TheMovieDBUITests */,
			);
		};
/* End PBXProject section */

/* Begin PBXResourcesBuildPhase section */
		D67DDA2D28EE161A0093B3A0 /* Resources */ = {
			isa = PBXResourcesBuildPhase;
			buildActionMask = 2147483647;
			files = (
				D67DDA3F28EE161D0093B3A0 /* LaunchScreen.storyboard in Resources */,
				D6EA946D28F88D7E0029A723 /* loader.json in Resources */,
				D6C433A128F750CA00B61185 /* SplashScreen.storyboard in Resources */,
				D6EA947128F88F020029A723 /* movie.json in Resources */,
				D6EA947328F88FC20029A723 /* movie2.json in Resources */,
				D6EA946F28F88E580029A723 /* movie_animation.json in Resources */,
				D67DDA3C28EE161D0093B3A0 /* Assets.xcassets in Resources */,
				D67DDA3A28EE161A0093B3A0 /* Main.storyboard in Resources */,
			);
			runOnlyForDeploymentPostprocessing = 0;
		};
		D67DDA4328EE161D0093B3A0 /* Resources */ = {
			isa = PBXResourcesBuildPhase;
			buildActionMask = 2147483647;
			files = (
				1041CA7228F5D0F800D24760 /* .swiftlint.yml in Resources */,
				1041CA6E28F5D07D00D24760 /* .swiftlint.yml in Resources */,
			);
			runOnlyForDeploymentPostprocessing = 0;
		};
		D67DDA4D28EE161D0093B3A0 /* Resources */ = {
			isa = PBXResourcesBuildPhase;
			buildActionMask = 2147483647;
			files = (
			);
			runOnlyForDeploymentPostprocessing = 0;
		};
/* End PBXResourcesBuildPhase section */

/* Begin PBXShellScriptBuildPhase section */
		1041CA6628F5BB2000D24760 /* ShellScript */ = {
			isa = PBXShellScriptBuildPhase;
			buildActionMask = 12;
			files = (
			);
			inputFileListPaths = (
			);
			inputPaths = (
			);
			outputFileListPaths = (
			);
			outputPaths = (
			);
			runOnlyForDeploymentPostprocessing = 0;
			shellPath = /bin/sh;
			shellScript = "export PATH=\"$PATH:/opt/homebrew/bin\"\nif which swiftlint > /dev/null; then\n swiftlint\nelse\n echo \"warning: SwiftLint not installed, download from https://github.com/realm/SwiftLint\"\nfi\n";
		};
/* End PBXShellScriptBuildPhase section */

/* Begin PBXSourcesBuildPhase section */
		D67DDA2B28EE161A0093B3A0 /* Sources */ = {
			isa = PBXSourcesBuildPhase;
			buildActionMask = 2147483647;
			files = (
				D6C433AD28F75F1D00B61185 /* Storyboeared.swift in Sources */,
				D6C433AF28F7603E00B61185 /* MainCoordinator.swift in Sources */,
				D67DDA3728EE161A0093B3A0 /* ViewController.swift in Sources */,
				D67DDA3328EE161A0093B3A0 /* AppDelegate.swift in Sources */,
				D6C433AB28F75DD700B61185 /* Coordinator.swift in Sources */,
				D6C433A928F755FE00B61185 /* SplashScreenViewController.swift in Sources */,
				D67DDA3528EE161A0093B3A0 /* SceneDelegate.swift in Sources */,
			);
			runOnlyForDeploymentPostprocessing = 0;
		};
		D67DDA4128EE161D0093B3A0 /* Sources */ = {
			isa = PBXSourcesBuildPhase;
			buildActionMask = 2147483647;
			files = (
				D67DDA4A28EE161D0093B3A0 /* TheMovieDBTests.swift in Sources */,
			);
			runOnlyForDeploymentPostprocessing = 0;
		};
		D67DDA4B28EE161D0093B3A0 /* Sources */ = {
			isa = PBXSourcesBuildPhase;
			buildActionMask = 2147483647;
			files = (
				D67DDA5428EE161D0093B3A0 /* TheMovieDBUITests.swift in Sources */,
				D67DDA5628EE161D0093B3A0 /* TheMovieDBUITestsLaunchTests.swift in Sources */,
			);
			runOnlyForDeploymentPostprocessing = 0;
		};
/* End PBXSourcesBuildPhase section */

/* Begin PBXTargetDependency section */
		D67DDA4728EE161D0093B3A0 /* PBXTargetDependency */ = {
			isa = PBXTargetDependency;
			target = D67DDA2E28EE161A0093B3A0 /* TheMovieDB */;
			targetProxy = D67DDA4628EE161D0093B3A0 /* PBXContainerItemProxy */;
		};
		D67DDA5128EE161D0093B3A0 /* PBXTargetDependency */ = {
			isa = PBXTargetDependency;
			target = D67DDA2E28EE161A0093B3A0 /* TheMovieDB */;
			targetProxy = D67DDA5028EE161D0093B3A0 /* PBXContainerItemProxy */;
		};
/* End PBXTargetDependency section */

/* Begin PBXVariantGroup section */
		D67DDA3828EE161A0093B3A0 /* Main.storyboard */ = {
			isa = PBXVariantGroup;
			children = (
				D67DDA3928EE161A0093B3A0 /* Base */,
			);
			name = Main.storyboard;
			sourceTree = "<group>";
		};
		D67DDA3D28EE161D0093B3A0 /* LaunchScreen.storyboard */ = {
			isa = PBXVariantGroup;
			children = (
				D67DDA3E28EE161D0093B3A0 /* Base */,
			);
			name = LaunchScreen.storyboard;
			sourceTree = "<group>";
		};
/* End PBXVariantGroup section */

/* Begin XCBuildConfiguration section */
		D67DDA5728EE161D0093B3A0 /* Debug */ = {
			isa = XCBuildConfiguration;
			buildSettings = {
				ALWAYS_SEARCH_USER_PATHS = NO;
				CLANG_ANALYZER_NONNULL = YES;
				CLANG_ANALYZER_NUMBER_OBJECT_CONVERSION = YES_AGGRESSIVE;
				CLANG_CXX_LANGUAGE_STANDARD = "gnu++20";
				CLANG_ENABLE_MODULES = YES;
				CLANG_ENABLE_OBJC_ARC = YES;
				CLANG_ENABLE_OBJC_WEAK = YES;
				CLANG_WARN_BLOCK_CAPTURE_AUTORELEASING = YES;
				CLANG_WARN_BOOL_CONVERSION = YES;
				CLANG_WARN_COMMA = YES;
				CLANG_WARN_CONSTANT_CONVERSION = YES;
				CLANG_WARN_DEPRECATED_OBJC_IMPLEMENTATIONS = YES;
				CLANG_WARN_DIRECT_OBJC_ISA_USAGE = YES_ERROR;
				CLANG_WARN_DOCUMENTATION_COMMENTS = YES;
				CLANG_WARN_EMPTY_BODY = YES;
				CLANG_WARN_ENUM_CONVERSION = YES;
				CLANG_WARN_INFINITE_RECURSION = YES;
				CLANG_WARN_INT_CONVERSION = YES;
				CLANG_WARN_NON_LITERAL_NULL_CONVERSION = YES;
				CLANG_WARN_OBJC_IMPLICIT_RETAIN_SELF = YES;
				CLANG_WARN_OBJC_LITERAL_CONVERSION = YES;
				CLANG_WARN_OBJC_ROOT_CLASS = YES_ERROR;
				CLANG_WARN_QUOTED_INCLUDE_IN_FRAMEWORK_HEADER = YES;
				CLANG_WARN_RANGE_LOOP_ANALYSIS = YES;
				CLANG_WARN_STRICT_PROTOTYPES = YES;
				CLANG_WARN_SUSPICIOUS_MOVE = YES;
				CLANG_WARN_UNGUARDED_AVAILABILITY = YES_AGGRESSIVE;
				CLANG_WARN_UNREACHABLE_CODE = YES;
				CLANG_WARN__DUPLICATE_METHOD_MATCH = YES;
				COPY_PHASE_STRIP = NO;
				DEBUG_INFORMATION_FORMAT = dwarf;
				ENABLE_STRICT_OBJC_MSGSEND = YES;
				ENABLE_TESTABILITY = YES;
				GCC_C_LANGUAGE_STANDARD = gnu11;
				GCC_DYNAMIC_NO_PIC = NO;
				GCC_NO_COMMON_BLOCKS = YES;
				GCC_OPTIMIZATION_LEVEL = 0;
				GCC_PREPROCESSOR_DEFINITIONS = (
					"DEBUG=1",
					"$(inherited)",
				);
				GCC_WARN_64_TO_32_BIT_CONVERSION = YES;
				GCC_WARN_ABOUT_RETURN_TYPE = YES_ERROR;
				GCC_WARN_UNDECLARED_SELECTOR = YES;
				GCC_WARN_UNINITIALIZED_AUTOS = YES_AGGRESSIVE;
				GCC_WARN_UNUSED_FUNCTION = YES;
				GCC_WARN_UNUSED_VARIABLE = YES;
				IPHONEOS_DEPLOYMENT_TARGET = 16.0;
				MTL_ENABLE_DEBUG_INFO = INCLUDE_SOURCE;
				MTL_FAST_MATH = YES;
				ONLY_ACTIVE_ARCH = YES;
				SDKROOT = iphoneos;
				SWIFT_ACTIVE_COMPILATION_CONDITIONS = DEBUG;
				SWIFT_OPTIMIZATION_LEVEL = "-Onone";
			};
			name = Debug;
		};
		D67DDA5828EE161D0093B3A0 /* Release */ = {
			isa = XCBuildConfiguration;
			buildSettings = {
				ALWAYS_SEARCH_USER_PATHS = NO;
				CLANG_ANALYZER_NONNULL = YES;
				CLANG_ANALYZER_NUMBER_OBJECT_CONVERSION = YES_AGGRESSIVE;
				CLANG_CXX_LANGUAGE_STANDARD = "gnu++20";
				CLANG_ENABLE_MODULES = YES;
				CLANG_ENABLE_OBJC_ARC = YES;
				CLANG_ENABLE_OBJC_WEAK = YES;
				CLANG_WARN_BLOCK_CAPTURE_AUTORELEASING = YES;
				CLANG_WARN_BOOL_CONVERSION = YES;
				CLANG_WARN_COMMA = YES;
				CLANG_WARN_CONSTANT_CONVERSION = YES;
				CLANG_WARN_DEPRECATED_OBJC_IMPLEMENTATIONS = YES;
				CLANG_WARN_DIRECT_OBJC_ISA_USAGE = YES_ERROR;
				CLANG_WARN_DOCUMENTATION_COMMENTS = YES;
				CLANG_WARN_EMPTY_BODY = YES;
				CLANG_WARN_ENUM_CONVERSION = YES;
				CLANG_WARN_INFINITE_RECURSION = YES;
				CLANG_WARN_INT_CONVERSION = YES;
				CLANG_WARN_NON_LITERAL_NULL_CONVERSION = YES;
				CLANG_WARN_OBJC_IMPLICIT_RETAIN_SELF = YES;
				CLANG_WARN_OBJC_LITERAL_CONVERSION = YES;
				CLANG_WARN_OBJC_ROOT_CLASS = YES_ERROR;
				CLANG_WARN_QUOTED_INCLUDE_IN_FRAMEWORK_HEADER = YES;
				CLANG_WARN_RANGE_LOOP_ANALYSIS = YES;
				CLANG_WARN_STRICT_PROTOTYPES = YES;
				CLANG_WARN_SUSPICIOUS_MOVE = YES;
				CLANG_WARN_UNGUARDED_AVAILABILITY = YES_AGGRESSIVE;
				CLANG_WARN_UNREACHABLE_CODE = YES;
				CLANG_WARN__DUPLICATE_METHOD_MATCH = YES;
				COPY_PHASE_STRIP = NO;
				DEBUG_INFORMATION_FORMAT = "dwarf-with-dsym";
				ENABLE_NS_ASSERTIONS = NO;
				ENABLE_STRICT_OBJC_MSGSEND = YES;
				GCC_C_LANGUAGE_STANDARD = gnu11;
				GCC_NO_COMMON_BLOCKS = YES;
				GCC_WARN_64_TO_32_BIT_CONVERSION = YES;
				GCC_WARN_ABOUT_RETURN_TYPE = YES_ERROR;
				GCC_WARN_UNDECLARED_SELECTOR = YES;
				GCC_WARN_UNINITIALIZED_AUTOS = YES_AGGRESSIVE;
				GCC_WARN_UNUSED_FUNCTION = YES;
				GCC_WARN_UNUSED_VARIABLE = YES;
				IPHONEOS_DEPLOYMENT_TARGET = 16.0;
				MTL_ENABLE_DEBUG_INFO = NO;
				MTL_FAST_MATH = YES;
				SDKROOT = iphoneos;
				SWIFT_COMPILATION_MODE = wholemodule;
				SWIFT_OPTIMIZATION_LEVEL = "-O";
				VALIDATE_PRODUCT = YES;
			};
			name = Release;
		};
		D67DDA5A28EE161D0093B3A0 /* Debug */ = {
			isa = XCBuildConfiguration;
			buildSettings = {
				ASSETCATALOG_COMPILER_APPICON_NAME = AppIcon;
				ASSETCATALOG_COMPILER_GLOBAL_ACCENT_COLOR_NAME = AccentColor;
				CODE_SIGN_STYLE = Automatic;
				CURRENT_PROJECT_VERSION = 1;
				GENERATE_INFOPLIST_FILE = YES;
				INFOPLIST_FILE = TheMovieDB/Info.plist;
				INFOPLIST_KEY_UIApplicationSupportsIndirectInputEvents = YES;
				INFOPLIST_KEY_UILaunchStoryboardName = LaunchScreen;
				INFOPLIST_KEY_UIMainStoryboardFile = SplashScreen;
				INFOPLIST_KEY_UISupportedInterfaceOrientations_iPad = "UIInterfaceOrientationPortrait UIInterfaceOrientationPortraitUpsideDown UIInterfaceOrientationLandscapeLeft UIInterfaceOrientationLandscapeRight";
				INFOPLIST_KEY_UISupportedInterfaceOrientations_iPhone = "UIInterfaceOrientationPortrait UIInterfaceOrientationLandscapeLeft UIInterfaceOrientationLandscapeRight";
				IPHONEOS_DEPLOYMENT_TARGET = 16.0;
				LD_RUNPATH_SEARCH_PATHS = (
					"$(inherited)",
					"@executable_path/Frameworks",
				);
				MARKETING_VERSION = 1.0;
				PRODUCT_BUNDLE_IDENTIFIER = com.globant.TheMovieDB;
				PRODUCT_NAME = "$(TARGET_NAME)";
				SWIFT_EMIT_LOC_STRINGS = YES;
				SWIFT_VERSION = 5.0;
				TARGETED_DEVICE_FAMILY = "1,2";
			};
			name = Debug;
		};
		D67DDA5B28EE161D0093B3A0 /* Release */ = {
			isa = XCBuildConfiguration;
			buildSettings = {
				ASSETCATALOG_COMPILER_APPICON_NAME = AppIcon;
				ASSETCATALOG_COMPILER_GLOBAL_ACCENT_COLOR_NAME = AccentColor;
				CODE_SIGN_STYLE = Automatic;
				CURRENT_PROJECT_VERSION = 1;
				GENERATE_INFOPLIST_FILE = YES;
				INFOPLIST_FILE = TheMovieDB/Info.plist;
				INFOPLIST_KEY_UIApplicationSupportsIndirectInputEvents = YES;
				INFOPLIST_KEY_UILaunchStoryboardName = LaunchScreen;
				INFOPLIST_KEY_UIMainStoryboardFile = SplashScreen;
				INFOPLIST_KEY_UISupportedInterfaceOrientations_iPad = "UIInterfaceOrientationPortrait UIInterfaceOrientationPortraitUpsideDown UIInterfaceOrientationLandscapeLeft UIInterfaceOrientationLandscapeRight";
				INFOPLIST_KEY_UISupportedInterfaceOrientations_iPhone = "UIInterfaceOrientationPortrait UIInterfaceOrientationLandscapeLeft UIInterfaceOrientationLandscapeRight";
				IPHONEOS_DEPLOYMENT_TARGET = 16.0;
				LD_RUNPATH_SEARCH_PATHS = (
					"$(inherited)",
					"@executable_path/Frameworks",
				);
				MARKETING_VERSION = 1.0;
				PRODUCT_BUNDLE_IDENTIFIER = com.globant.TheMovieDB;
				PRODUCT_NAME = "$(TARGET_NAME)";
				SWIFT_EMIT_LOC_STRINGS = YES;
				SWIFT_VERSION = 5.0;
				TARGETED_DEVICE_FAMILY = "1,2";
			};
			name = Release;
		};
		D67DDA5D28EE161D0093B3A0 /* Debug */ = {
			isa = XCBuildConfiguration;
			buildSettings = {
				ALWAYS_EMBED_SWIFT_STANDARD_LIBRARIES = YES;
				BUNDLE_LOADER = "$(TEST_HOST)";
				CODE_SIGN_STYLE = Automatic;
				CURRENT_PROJECT_VERSION = 1;
				GENERATE_INFOPLIST_FILE = YES;
				IPHONEOS_DEPLOYMENT_TARGET = 16.0;
				MARKETING_VERSION = 1.0;
				PRODUCT_BUNDLE_IDENTIFIER = com.globant.TheMovieDBTests;
				PRODUCT_NAME = "$(TARGET_NAME)";
				SWIFT_EMIT_LOC_STRINGS = NO;
				SWIFT_VERSION = 5.0;
				TARGETED_DEVICE_FAMILY = "1,2";
				TEST_HOST = "$(BUILT_PRODUCTS_DIR)/TheMovieDB.app/$(BUNDLE_EXECUTABLE_FOLDER_PATH)/TheMovieDB";
			};
			name = Debug;
		};
		D67DDA5E28EE161D0093B3A0 /* Release */ = {
			isa = XCBuildConfiguration;
			buildSettings = {
				ALWAYS_EMBED_SWIFT_STANDARD_LIBRARIES = YES;
				BUNDLE_LOADER = "$(TEST_HOST)";
				CODE_SIGN_STYLE = Automatic;
				CURRENT_PROJECT_VERSION = 1;
				GENERATE_INFOPLIST_FILE = YES;
				IPHONEOS_DEPLOYMENT_TARGET = 16.0;
				MARKETING_VERSION = 1.0;
				PRODUCT_BUNDLE_IDENTIFIER = com.globant.TheMovieDBTests;
				PRODUCT_NAME = "$(TARGET_NAME)";
				SWIFT_EMIT_LOC_STRINGS = NO;
				SWIFT_VERSION = 5.0;
				TARGETED_DEVICE_FAMILY = "1,2";
				TEST_HOST = "$(BUILT_PRODUCTS_DIR)/TheMovieDB.app/$(BUNDLE_EXECUTABLE_FOLDER_PATH)/TheMovieDB";
			};
			name = Release;
		};
		D67DDA6028EE161D0093B3A0 /* Debug */ = {
			isa = XCBuildConfiguration;
			buildSettings = {
				ALWAYS_EMBED_SWIFT_STANDARD_LIBRARIES = YES;
				CODE_SIGN_STYLE = Automatic;
				CURRENT_PROJECT_VERSION = 1;
				GENERATE_INFOPLIST_FILE = YES;
				MARKETING_VERSION = 1.0;
				PRODUCT_BUNDLE_IDENTIFIER = com.globant.TheMovieDBUITests;
				PRODUCT_NAME = "$(TARGET_NAME)";
				SWIFT_EMIT_LOC_STRINGS = NO;
				SWIFT_VERSION = 5.0;
				TARGETED_DEVICE_FAMILY = "1,2";
				TEST_TARGET_NAME = TheMovieDB;
			};
			name = Debug;
		};
		D67DDA6128EE161D0093B3A0 /* Release */ = {
			isa = XCBuildConfiguration;
			buildSettings = {
				ALWAYS_EMBED_SWIFT_STANDARD_LIBRARIES = YES;
				CODE_SIGN_STYLE = Automatic;
				CURRENT_PROJECT_VERSION = 1;
				GENERATE_INFOPLIST_FILE = YES;
				MARKETING_VERSION = 1.0;
				PRODUCT_BUNDLE_IDENTIFIER = com.globant.TheMovieDBUITests;
				PRODUCT_NAME = "$(TARGET_NAME)";
				SWIFT_EMIT_LOC_STRINGS = NO;
				SWIFT_VERSION = 5.0;
				TARGETED_DEVICE_FAMILY = "1,2";
				TEST_TARGET_NAME = TheMovieDB;
			};
			name = Release;
		};
/* End XCBuildConfiguration section */

/* Begin XCConfigurationList section */
		D67DDA2A28EE161A0093B3A0 /* Build configuration list for PBXProject "TheMovieDB" */ = {
			isa = XCConfigurationList;
			buildConfigurations = (
				D67DDA5728EE161D0093B3A0 /* Debug */,
				D67DDA5828EE161D0093B3A0 /* Release */,
			);
			defaultConfigurationIsVisible = 0;
			defaultConfigurationName = Release;
		};
		D67DDA5928EE161D0093B3A0 /* Build configuration list for PBXNativeTarget "TheMovieDB" */ = {
			isa = XCConfigurationList;
			buildConfigurations = (
				D67DDA5A28EE161D0093B3A0 /* Debug */,
				D67DDA5B28EE161D0093B3A0 /* Release */,
			);
			defaultConfigurationIsVisible = 0;
			defaultConfigurationName = Release;
		};
		D67DDA5C28EE161D0093B3A0 /* Build configuration list for PBXNativeTarget "TheMovieDBTests" */ = {
			isa = XCConfigurationList;
			buildConfigurations = (
				D67DDA5D28EE161D0093B3A0 /* Debug */,
				D67DDA5E28EE161D0093B3A0 /* Release */,
			);
			defaultConfigurationIsVisible = 0;
			defaultConfigurationName = Release;
		};
		D67DDA5F28EE161D0093B3A0 /* Build configuration list for PBXNativeTarget "TheMovieDBUITests" */ = {
			isa = XCConfigurationList;
			buildConfigurations = (
				D67DDA6028EE161D0093B3A0 /* Debug */,
				D67DDA6128EE161D0093B3A0 /* Release */,
			);
			defaultConfigurationIsVisible = 0;
			defaultConfigurationName = Release;
		};
/* End XCConfigurationList section */

/* Begin XCRemoteSwiftPackageReference section */
		D6C433A228F7510100B61185 /* XCRemoteSwiftPackageReference "lottie-ios" */ = {
			isa = XCRemoteSwiftPackageReference;
			repositoryURL = "https://github.com/airbnb/lottie-ios.git";
			requirement = {
				branch = master;
				kind = branch;
			};
		};
/* End XCRemoteSwiftPackageReference section */

/* Begin XCSwiftPackageProductDependency section */
		D6C433A328F7510100B61185 /* Lottie */ = {
			isa = XCSwiftPackageProductDependency;
			package = D6C433A228F7510100B61185 /* XCRemoteSwiftPackageReference "lottie-ios" */;
			productName = Lottie;
		};
/* End XCSwiftPackageProductDependency section */
	};
	rootObject = D67DDA2728EE161A0093B3A0 /* Project object */;
}
